
Microsoft Visual Studio Solution File, Format Version 12.00
# Visual Studio 14
VisualStudioVersion = 14.0.25420.1
MinimumVisualStudioVersion = 10.0.40219.1
Project("{FAE04EC0-301F-11D3-BF4B-00C04F79EFBC}") = "Lcgoc.Web", "Lcgoc.Web\Lcgoc.Web.csproj", "{407E1BBC-5EAA-4621-971E-3EA9BCB20E30}"
EndProject
Project("{FAE04EC0-301F-11D3-BF4B-00C04F79EFBC}") = "Lcgoc.Weixin.SDK", "Lcgoc.Weixin.SDK\Lcgoc.Weixin.SDK.csproj", "{E7421A8D-6149-402A-82F8-F6D7728CEED1}"
EndProject
Project("{FAE04EC0-301F-11D3-BF4B-00C04F79EFBC}") = "Lcgoc.Model", "Lcgoc.Model\Lcgoc.Model.csproj", "{91FA0BCC-1CD2-4D59-BFB0-4D5AAF821F52}"
EndProject
Project("{FAE04EC0-301F-11D3-BF4B-00C04F79EFBC}") = "Lcgoc.BLL", "Lcgoc.BLL\Lcgoc.BLL.csproj", "{FE1D6025-4858-472A-B884-888B0B011BF7}"
EndProject
Project("{FAE04EC0-301F-11D3-BF4B-00C04F79EFBC}") = "Lcgoc.DAL", "Lcgoc.DAL\Lcgoc.DAL.csproj", "{6D2DD879-9865-48D1-B749-2745AE5178D8}"
EndProject
Project("{FAE04EC0-301F-11D3-BF4B-00C04F79EFBC}") = "Lcgoc.Common", "Lcgoc.Common\Lcgoc.Common.csproj", "{565C4201-D03A-4949-B2EA-3D7203BC4D20}"
EndProject
Project("{2150E333-8FDC-42A3-9474-1A3956D46DE8}") = "schedule", "schedule", "{6A03E1F5-7827-4B3B-9E29-4DE27336A8BD}"
EndProject
Project("{FAE04EC0-301F-11D3-BF4B-00C04F79EFBC}") = "Lcgoc.SchedulerESB", "Lcgoc.SchedulerESB\Lcgoc.SchedulerESB.csproj", "{030CCBF0-ADCE-4292-9B48-AD097B1F2004}"
EndProject
Project("{FAE04EC0-301F-11D3-BF4B-00C04F79EFBC}") = "Lcgoc.Scheduler", "Lcgoc.Scheduler\Lcgoc.Scheduler.csproj", "{1AA06931-A923-41C3-9433-14059D2D5CCF}"
EndProject
Project("{FAE04EC0-301F-11D3-BF4B-00C04F79EFBC}") = "Lcgoc.SchedulerJob", "Lcgoc.SchedulerJob\Lcgoc.SchedulerJob.csproj", "{982E9F66-3458-4F14-A6EA-EA133856FF1A}"
EndProject
Project("{2150E333-8FDC-42A3-9474-1A3956D46DE8}") = "WPF", "WPF", "{349E0090-8FCD-4DC3-A720-7C125B716ED2}"
EndProject
Project("{2150E333-8FDC-42A3-9474-1A3956D46DE8}") = "Test", "Test", "{058736B9-A9C9-4D62-921C-868008C9F162}"
EndProject
Project("{FAE04EC0-301F-11D3-BF4B-00C04F79EFBC}") = "ConsoleApplication1", "Test\ConsoleApplication1\ConsoleApplication1.csproj", "{9FD6E43C-DD15-4700-A607-636B6A1E4111}"
EndProject
Project("{2150E333-8FDC-42A3-9474-1A3956D46DE8}") = "Silverlight", "Silverlight", "{6D7D3150-6BC9-4265-8F56-5D16AC9D8981}"
EndProject
Project("{FAE04EC0-301F-11D3-BF4B-00C04F79EFBC}") = "WebApplication1", "Silverlight\WebApplication1\WebApplication1.csproj", "{820F599E-3805-4305-BE46-D0D8FEB0471F}"
EndProject
Project("{FAE04EC0-301F-11D3-BF4B-00C04F79EFBC}") = "SilverlightApplication1", "Silverlight\SilverlightApplication1\SilverlightApplication1.csproj", "{32100D0D-76C0-4390-A082-74210F42655D}"
EndProject
Global
	GlobalSection(SolutionConfigurationPlatforms) = preSolution
		Debug|Any CPU = Debug|Any CPU
		Release|Any CPU = Release|Any CPU
	EndGlobalSection
	GlobalSection(ProjectConfigurationPlatforms) = postSolution
		{407E1BBC-5EAA-4621-971E-3EA9BCB20E30}.Debug|Any CPU.ActiveCfg = Debug|Any CPU
		{407E1BBC-5EAA-4621-971E-3EA9BCB20E30}.Debug|Any CPU.Build.0 = Debug|Any CPU
		{407E1BBC-5EAA-4621-971E-3EA9BCB20E30}.Release|Any CPU.ActiveCfg = Release|Any CPU
		{407E1BBC-5EAA-4621-971E-3EA9BCB20E30}.Release|Any CPU.Build.0 = Release|Any CPU
		{E7421A8D-6149-402A-82F8-F6D7728CEED1}.Debug|Any CPU.ActiveCfg = Debug|Any CPU
		{E7421A8D-6149-402A-82F8-F6D7728CEED1}.Debug|Any CPU.Build.0 = Debug|Any CPU
		{E7421A8D-6149-402A-82F8-F6D7728CEED1}.Release|Any CPU.ActiveCfg = Release|Any CPU
		{E7421A8D-6149-402A-82F8-F6D7728CEED1}.Release|Any CPU.Build.0 = Release|Any CPU
		{91FA0BCC-1CD2-4D59-BFB0-4D5AAF821F52}.Debug|Any CPU.ActiveCfg = Debug|Any CPU
		{91FA0BCC-1CD2-4D59-BFB0-4D5AAF821F52}.Debug|Any CPU.Build.0 = Debug|Any CPU
		{91FA0BCC-1CD2-4D59-BFB0-4D5AAF821F52}.Release|Any CPU.ActiveCfg = Release|Any CPU
		{91FA0BCC-1CD2-4D59-BFB0-4D5AAF821F52}.Release|Any CPU.Build.0 = Release|Any CPU
		{FE1D6025-4858-472A-B884-888B0B011BF7}.Debug|Any CPU.ActiveCfg = Debug|Any CPU
		{FE1D6025-4858-472A-B884-888B0B011BF7}.Debug|Any CPU.Build.0 = Debug|Any CPU
		{FE1D6025-4858-472A-B884-888B0B011BF7}.Release|Any CPU.ActiveCfg = Release|Any CPU
		{FE1D6025-4858-472A-B884-888B0B011BF7}.Release|Any CPU.Build.0 = Release|Any CPU
		{6D2DD879-9865-48D1-B749-2745AE5178D8}.Debug|Any CPU.ActiveCfg = Debug|Any CPU
		{6D2DD879-9865-48D1-B749-2745AE5178D8}.Debug|Any CPU.Build.0 = Debug|Any CPU
		{6D2DD879-9865-48D1-B749-2745AE5178D8}.Release|Any CPU.ActiveCfg = Release|Any CPU
		{6D2DD879-9865-48D1-B749-2745AE5178D8}.Release|Any CPU.Build.0 = Release|Any CPU
		{565C4201-D03A-4949-B2EA-3D7203BC4D20}.Debug|Any CPU.ActiveCfg = Debug|Any CPU
		{565C4201-D03A-4949-B2EA-3D7203BC4D20}.Debug|Any CPU.Build.0 = Debug|Any CPU
		{565C4201-D03A-4949-B2EA-3D7203BC4D20}.Release|Any CPU.ActiveCfg = Release|Any CPU
		{565C4201-D03A-4949-B2EA-3D7203BC4D20}.Release|Any CPU.Build.0 = Release|Any CPU
		{030CCBF0-ADCE-4292-9B48-AD097B1F2004}.Debug|Any CPU.ActiveCfg = Debug|Any CPU
		{030CCBF0-ADCE-4292-9B48-AD097B1F2004}.Debug|Any CPU.Build.0 = Debug|Any CPU
		{030CCBF0-ADCE-4292-9B48-AD097B1F2004}.Release|Any CPU.ActiveCfg = Release|Any CPU
		{030CCBF0-ADCE-4292-9B48-AD097B1F2004}.Release|Any CPU.Build.0 = Release|Any CPU
		{1AA06931-A923-41C3-9433-14059D2D5CCF}.Debug|Any CPU.ActiveCfg = Debug|Any CPU
		{1AA06931-A923-41C3-9433-14059D2D5CCF}.Debug|Any CPU.Build.0 = Debug|Any CPU
		{1AA06931-A923-41C3-9433-14059D2D5CCF}.Release|Any CPU.ActiveCfg = Release|Any CPU
		{1AA06931-A923-41C3-9433-14059D2D5CCF}.Release|Any CPU.Build.0 = Release|Any CPU
		{982E9F66-3458-4F14-A6EA-EA133856FF1A}.Debug|Any CPU.ActiveCfg = Debug|Any CPU
		{982E9F66-3458-4F14-A6EA-EA133856FF1A}.Debug|Any CPU.Build.0 = Debug|Any CPU
		{982E9F66-3458-4F14-A6EA-EA133856FF1A}.Release|Any CPU.ActiveCfg = Release|Any CPU
		{982E9F66-3458-4F14-A6EA-EA133856FF1A}.Release|Any CPU.Build.0 = Release|Any CPU
		{9FD6E43C-DD15-4700-A607-636B6A1E4111}.Debug|Any CPU.ActiveCfg = Debug|Any CPU
		{9FD6E43C-DD15-4700-A607-636B6A1E4111}.Debug|Any CPU.Build.0 = Debug|Any CPU
		{9FD6E43C-DD15-4700-A607-636B6A1E4111}.Release|Any CPU.ActiveCfg = Release|Any CPU
		{9FD6E43C-DD15-4700-A607-636B6A1E4111}.Release|Any CPU.Build.0 = Release|Any CPU
		{820F599E-3805-4305-BE46-D0D8FEB0471F}.Debug|Any CPU.ActiveCfg = Debug|Any CPU
		{820F599E-3805-4305-BE46-D0D8FEB0471F}.Debug|Any CPU.Build.0 = Debug|Any CPU
		{820F599E-3805-4305-BE46-D0D8FEB0471F}.Release|Any CPU.ActiveCfg = Release|Any CPU
		{820F599E-3805-4305-BE46-D0D8FEB0471F}.Release|Any CPU.Build.0 = Release|Any CPU
		{32100D0D-76C0-4390-A082-74210F42655D}.Debug|Any CPU.ActiveCfg = Debug|Any CPU
		{32100D0D-76C0-4390-A082-74210F42655D}.Debug|Any CPU.Build.0 = Debug|Any CPU
		{32100D0D-76C0-4390-A082-74210F42655D}.Release|Any CPU.ActiveCfg = Release|Any CPU
		{32100D0D-76C0-4390-A082-74210F42655D}.Release|Any CPU.Build.0 = Release|Any CPU
	EndGlobalSection
	GlobalSection(SolutionProperties) = preSolution
		HideSolutionNode = FALSE
	EndGlobalSection
	GlobalSection(NestedProjects) = preSolution
		{030CCBF0-ADCE-4292-9B48-AD097B1F2004} = {6A03E1F5-7827-4B3B-9E29-4DE27336A8BD}
		{1AA06931-A923-41C3-9433-14059D2D5CCF} = {6A03E1F5-7827-4B3B-9E29-4DE27336A8BD}
		{982E9F66-3458-4F14-A6EA-EA133856FF1A} = {6A03E1F5-7827-4B3B-9E29-4DE27336A8BD}
		{9FD6E43C-DD15-4700-A607-636B6A1E4111} = {058736B9-A9C9-4D62-921C-868008C9F162}
		{820F599E-3805-4305-BE46-D0D8FEB0471F} = {6D7D3150-6BC9-4265-8F56-5D16AC9D8981}
		{32100D0D-76C0-4390-A082-74210F42655D} = {6D7D3150-6BC9-4265-8F56-5D16AC9D8981}
	EndGlobalSection
EndGlobal
